// !$*UTF8*$!
{
	archiveVersion = 1;
	classes = {
	};
	objectVersion = 46;
	objects = {

/* Begin PBXBuildFile section */
		6514011C1DB9870200A2D2A3 /* Main.storyboard in Resources */ = {isa = PBXBuildFile; fileRef = 6514011A1DB9870200A2D2A3 /* Main.storyboard */; };
		6514011E1DB9870200A2D2A3 /* Assets.xcassets in Resources */ = {isa = PBXBuildFile; fileRef = 6514011D1DB9870200A2D2A3 /* Assets.xcassets */; };
		651401211DB9870200A2D2A3 /* LaunchScreen.storyboard in Resources */ = {isa = PBXBuildFile; fileRef = 6514011F1DB9870200A2D2A3 /* LaunchScreen.storyboard */; };
		6514012C1DB9870300A2D2A3 /* SwiftInterviewTests.swift in Sources */ = {isa = PBXBuildFile; fileRef = 6514012B1DB9870300A2D2A3 /* SwiftInterviewTests.swift */; };
		6514013B1DB987A500A2D2A3 /* AppDelegate.swift in Sources */ = {isa = PBXBuildFile; fileRef = 651401381DB987A500A2D2A3 /* AppDelegate.swift */; };
		6514013C1DB987A500A2D2A3 /* ViewController.swift in Sources */ = {isa = PBXBuildFile; fileRef = 6514013A1DB987A500A2D2A3 /* ViewController.swift */; };
		6514013F1DB98C7500A2D2A3 /* people.json in Resources */ = {isa = PBXBuildFile; fileRef = 6514013E1DB98C7500A2D2A3 /* people.json */; };
		6559C85F1DB9952500BCC35C /* PersonTableViewCell.swift in Sources */ = {isa = PBXBuildFile; fileRef = 6559C85E1DB9952500BCC35C /* PersonTableViewCell.swift */; };
		C254A4261DB9918A0029C550 /* Person.swift in Sources */ = {isa = PBXBuildFile; fileRef = C254A4251DB9918A0029C550 /* Person.swift */; };
		C254A4291DB991C70029C550 /* Review.swift in Sources */ = {isa = PBXBuildFile; fileRef = C254A4281DB991C70029C550 /* Review.swift */; };
		C254A42B1DB993C70029C550 /* DataProvider.swift in Sources */ = {isa = PBXBuildFile; fileRef = C254A42A1DB993C70029C550 /* DataProvider.swift */; };
/* End PBXBuildFile section */

/* Begin PBXContainerItemProxy section */
		651401281DB9870300A2D2A3 /* PBXContainerItemProxy */ = {
			isa = PBXContainerItemProxy;
			containerPortal = 6514010B1DB9870200A2D2A3 /* Project object */;
			proxyType = 1;
			remoteGlobalIDString = 651401121DB9870200A2D2A3;
			remoteInfo = SwiftInterview;
		};
/* End PBXContainerItemProxy section */

/* Begin PBXFileReference section */
		651401131DB9870200A2D2A3 /* SwiftInterview.app */ = {isa = PBXFileReference; explicitFileType = wrapper.application; includeInIndex = 0; path = SwiftInterview.app; sourceTree = BUILT_PRODUCTS_DIR; };
		6514011B1DB9870200A2D2A3 /* Base */ = {isa = PBXFileReference; lastKnownFileType = file.storyboard; name = Base; path = Base.lproj/Main.storyboard; sourceTree = "<group>"; };
		6514011D1DB9870200A2D2A3 /* Assets.xcassets */ = {isa = PBXFileReference; lastKnownFileType = folder.assetcatalog; path = Assets.xcassets; sourceTree = "<group>"; };
		651401201DB9870200A2D2A3 /* Base */ = {isa = PBXFileReference; lastKnownFileType = file.storyboard; name = Base; path = Base.lproj/LaunchScreen.storyboard; sourceTree = "<group>"; };
		651401221DB9870300A2D2A3 /* Info.plist */ = {isa = PBXFileReference; lastKnownFileType = text.plist.xml; path = Info.plist; sourceTree = "<group>"; };
		651401271DB9870300A2D2A3 /* SwiftInterviewTests.xctest */ = {isa = PBXFileReference; explicitFileType = wrapper.cfbundle; includeInIndex = 0; path = SwiftInterviewTests.xctest; sourceTree = BUILT_PRODUCTS_DIR; };
		6514012B1DB9870300A2D2A3 /* SwiftInterviewTests.swift */ = {isa = PBXFileReference; lastKnownFileType = sourcecode.swift; path = SwiftInterviewTests.swift; sourceTree = "<group>"; };
		6514012D1DB9870300A2D2A3 /* Info.plist */ = {isa = PBXFileReference; lastKnownFileType = text.plist.xml; path = Info.plist; sourceTree = "<group>"; };
		651401381DB987A500A2D2A3 /* AppDelegate.swift */ = {isa = PBXFileReference; fileEncoding = 4; lastKnownFileType = sourcecode.swift; path = AppDelegate.swift; sourceTree = "<group>"; };
		6514013A1DB987A500A2D2A3 /* ViewController.swift */ = {isa = PBXFileReference; fileEncoding = 4; lastKnownFileType = sourcecode.swift; path = ViewController.swift; sourceTree = "<group>"; };
		6514013E1DB98C7500A2D2A3 /* people.json */ = {isa = PBXFileReference; fileEncoding = 4; lastKnownFileType = text.json; path = people.json; sourceTree = "<group>"; };
		6559C85E1DB9952500BCC35C /* PersonTableViewCell.swift */ = {isa = PBXFileReference; fileEncoding = 4; lastKnownFileType = sourcecode.swift; path = PersonTableViewCell.swift; sourceTree = "<group>"; };
		C254A4251DB9918A0029C550 /* Person.swift */ = {isa = PBXFileReference; fileEncoding = 4; lastKnownFileType = sourcecode.swift; path = Person.swift; sourceTree = "<group>"; };
		C254A4281DB991C70029C550 /* Review.swift */ = {isa = PBXFileReference; fileEncoding = 4; lastKnownFileType = sourcecode.swift; path = Review.swift; sourceTree = "<group>"; };
		C254A42A1DB993C70029C550 /* DataProvider.swift */ = {isa = PBXFileReference; fileEncoding = 4; lastKnownFileType = sourcecode.swift; name = DataProvider.swift; path = Data/DataProvider.swift; sourceTree = "<group>"; };
/* End PBXFileReference section */

/* Begin PBXFrameworksBuildPhase section */
		651401101DB9870200A2D2A3 /* Frameworks */ = {
			isa = PBXFrameworksBuildPhase;
			buildActionMask = 2147483647;
			files = (
			);
			runOnlyForDeploymentPostprocessing = 0;
		};
		651401241DB9870300A2D2A3 /* Frameworks */ = {
			isa = PBXFrameworksBuildPhase;
			buildActionMask = 2147483647;
			files = (
			);
			runOnlyForDeploymentPostprocessing = 0;
		};
/* End PBXFrameworksBuildPhase section */

/* Begin PBXGroup section */
		6514010A1DB9870200A2D2A3 = {
			isa = PBXGroup;
			children = (
				651401151DB9870200A2D2A3 /* SwiftInterview */,
				6514012A1DB9870300A2D2A3 /* SwiftInterviewTests */,
				651401141DB9870200A2D2A3 /* Products */,
			);
			sourceTree = "<group>";
		};
		651401141DB9870200A2D2A3 /* Products */ = {
			isa = PBXGroup;
			children = (
				651401131DB9870200A2D2A3 /* SwiftInterview.app */,
				651401271DB9870300A2D2A3 /* SwiftInterviewTests.xctest */,
			);
			name = Products;
			sourceTree = "<group>";
		};
		651401151DB9870200A2D2A3 /* SwiftInterview */ = {
			isa = PBXGroup;
			children = (
				651401361DB987A500A2D2A3 /* Source */,
				6514013D1DB98C6000A2D2A3 /* json */,
				6514011A1DB9870200A2D2A3 /* Main.storyboard */,
				6514011D1DB9870200A2D2A3 /* Assets.xcassets */,
				6514011F1DB9870200A2D2A3 /* LaunchScreen.storyboard */,
				651401221DB9870300A2D2A3 /* Info.plist */,
			);
			path = SwiftInterview;
			sourceTree = "<group>";
		};
		6514012A1DB9870300A2D2A3 /* SwiftInterviewTests */ = {
			isa = PBXGroup;
			children = (
				6514012B1DB9870300A2D2A3 /* SwiftInterviewTests.swift */,
				6514012D1DB9870300A2D2A3 /* Info.plist */,
			);
			path = SwiftInterviewTests;
			sourceTree = "<group>";
		};
		651401361DB987A500A2D2A3 /* Source */ = {
			isa = PBXGroup;
			children = (
				651401371DB987A500A2D2A3 /* AppDelegate */,
				651401391DB987A500A2D2A3 /* ViewControllers */,
				6559C85D1DB9950500BCC35C /* Views */,
				C254A4271DB9919D0029C550 /* Models */,
				C254A42A1DB993C70029C550 /* DataProvider.swift */,
			);
			path = Source;
			sourceTree = "<group>";
		};
		651401371DB987A500A2D2A3 /* AppDelegate */ = {
			isa = PBXGroup;
			children = (
				651401381DB987A500A2D2A3 /* AppDelegate.swift */,
			);
			path = AppDelegate;
			sourceTree = "<group>";
		};
		651401391DB987A500A2D2A3 /* ViewControllers */ = {
			isa = PBXGroup;
			children = (
				6514013A1DB987A500A2D2A3 /* ViewController.swift */,
			);
			path = ViewControllers;
			sourceTree = "<group>";
		};
		6514013D1DB98C6000A2D2A3 /* json */ = {
			isa = PBXGroup;
			children = (
				6514013E1DB98C7500A2D2A3 /* people.json */,
			);
			path = json;
			sourceTree = "<group>";
		};
		6559C85D1DB9950500BCC35C /* Views */ = {
			isa = PBXGroup;
			children = (
				6559C85E1DB9952500BCC35C /* PersonTableViewCell.swift */,
			);
			path = Views;
			sourceTree = "<group>";
		};
		C254A4271DB9919D0029C550 /* Models */ = {
			isa = PBXGroup;
			children = (
				C254A4251DB9918A0029C550 /* Person.swift */,
				C254A4281DB991C70029C550 /* Review.swift */,
			);
			path = Models;
			sourceTree = "<group>";
		};
/* End PBXGroup section */

/* Begin PBXNativeTarget section */
		651401121DB9870200A2D2A3 /* SwiftInterview */ = {
			isa = PBXNativeTarget;
			buildConfigurationList = 651401301DB9870300A2D2A3 /* Build configuration list for PBXNativeTarget "SwiftInterview" */;
			buildPhases = (
				6514010F1DB9870200A2D2A3 /* Sources */,
				651401101DB9870200A2D2A3 /* Frameworks */,
				651401111DB9870200A2D2A3 /* Resources */,
			);
			buildRules = (
			);
			dependencies = (
			);
			name = SwiftInterview;
			productName = SwiftInterview;
			productReference = 651401131DB9870200A2D2A3 /* SwiftInterview.app */;
			productType = "com.apple.product-type.application";
		};
		651401261DB9870300A2D2A3 /* SwiftInterviewTests */ = {
			isa = PBXNativeTarget;
			buildConfigurationList = 651401331DB9870300A2D2A3 /* Build configuration list for PBXNativeTarget "SwiftInterviewTests" */;
			buildPhases = (
				651401231DB9870300A2D2A3 /* Sources */,
				651401241DB9870300A2D2A3 /* Frameworks */,
				651401251DB9870300A2D2A3 /* Resources */,
			);
			buildRules = (
			);
			dependencies = (
				651401291DB9870300A2D2A3 /* PBXTargetDependency */,
			);
			name = SwiftInterviewTests;
			productName = SwiftInterviewTests;
			productReference = 651401271DB9870300A2D2A3 /* SwiftInterviewTests.xctest */;
			productType = "com.apple.product-type.bundle.unit-test";
		};
/* End PBXNativeTarget section */

/* Begin PBXProject section */
		6514010B1DB9870200A2D2A3 /* Project object */ = {
			isa = PBXProject;
			attributes = {
				LastSwiftUpdateCheck = 0730;
				LastUpgradeCheck = 0730;
				ORGANIZATIONNAME = mobileforming;
				TargetAttributes = {
					651401121DB9870200A2D2A3 = {
						CreatedOnToolsVersion = 7.3.1;
						LastSwiftMigration = 0800;
					};
					651401261DB9870300A2D2A3 = {
						CreatedOnToolsVersion = 7.3.1;
						LastSwiftMigration = 0800;
						TestTargetID = 651401121DB9870200A2D2A3;
					};
				};
			};
			buildConfigurationList = 6514010E1DB9870200A2D2A3 /* Build configuration list for PBXProject "SwiftInterview" */;
			compatibilityVersion = "Xcode 3.2";
			developmentRegion = English;
			hasScannedForEncodings = 0;
			knownRegions = (
				en,
				Base,
			);
			mainGroup = 6514010A1DB9870200A2D2A3;
			productRefGroup = 651401141DB9870200A2D2A3 /* Products */;
			projectDirPath = "";
			projectRoot = "";
			targets = (
				651401121DB9870200A2D2A3 /* SwiftInterview */,
				651401261DB9870300A2D2A3 /* SwiftInterviewTests */,
			);
		};
/* End PBXProject section */

/* Begin PBXResourcesBuildPhase section */
		651401111DB9870200A2D2A3 /* Resources */ = {
			isa = PBXResourcesBuildPhase;
			buildActionMask = 2147483647;
			files = (
				6514013F1DB98C7500A2D2A3 /* people.json in Resources */,
				651401211DB9870200A2D2A3 /* LaunchScreen.storyboard in Resources */,
				6514011E1DB9870200A2D2A3 /* Assets.xcassets in Resources */,
				6514011C1DB9870200A2D2A3 /* Main.storyboard in Resources */,
			);
			runOnlyForDeploymentPostprocessing = 0;
		};
		651401251DB9870300A2D2A3 /* Resources */ = {
			isa = PBXResourcesBuildPhase;
			buildActionMask = 2147483647;
			files = (
			);
			runOnlyForDeploymentPostprocessing = 0;
		};
/* End PBXResourcesBuildPhase section */

/* Begin PBXSourcesBuildPhase section */
		6514010F1DB9870200A2D2A3 /* Sources */ = {
			isa = PBXSourcesBuildPhase;
			buildActionMask = 2147483647;
			files = (
				6559C85F1DB9952500BCC35C /* PersonTableViewCell.swift in Sources */,
				C254A4261DB9918A0029C550 /* Person.swift in Sources */,
				C254A4291DB991C70029C550 /* Review.swift in Sources */,
				C254A42B1DB993C70029C550 /* DataProvider.swift in Sources */,
				6514013C1DB987A500A2D2A3 /* ViewController.swift in Sources */,
				6514013B1DB987A500A2D2A3 /* AppDelegate.swift in Sources */,
			);
			runOnlyForDeploymentPostprocessing = 0;
		};
		651401231DB9870300A2D2A3 /* Sources */ = {
			isa = PBXSourcesBuildPhase;
			buildActionMask = 2147483647;
			files = (
				6514012C1DB9870300A2D2A3 /* SwiftInterviewTests.swift in Sources */,
			);
			runOnlyForDeploymentPostprocessing = 0;
		};
/* End PBXSourcesBuildPhase section */

/* Begin PBXTargetDependency section */
		651401291DB9870300A2D2A3 /* PBXTargetDependency */ = {
			isa = PBXTargetDependency;
			target = 651401121DB9870200A2D2A3 /* SwiftInterview */;
			targetProxy = 651401281DB9870300A2D2A3 /* PBXContainerItemProxy */;
		};
/* End PBXTargetDependency section */

/* Begin PBXVariantGroup section */
		6514011A1DB9870200A2D2A3 /* Main.storyboard */ = {
			isa = PBXVariantGroup;
			children = (
				6514011B1DB9870200A2D2A3 /* Base */,
			);
			name = Main.storyboard;
			sourceTree = "<group>";
		};
		6514011F1DB9870200A2D2A3 /* LaunchScreen.storyboard */ = {
			isa = PBXVariantGroup;
			children = (
				651401201DB9870200A2D2A3 /* Base */,
			);
			name = LaunchScreen.storyboard;
			sourceTree = "<group>";
		};
/* End PBXVariantGroup section */

/* Begin XCBuildConfiguration section */
		6514012E1DB9870300A2D2A3 /* Debug */ = {
			isa = XCBuildConfiguration;
			buildSettings = {
				ALWAYS_SEARCH_USER_PATHS = NO;
				CLANG_ANALYZER_NONNULL = YES;
				CLANG_CXX_LANGUAGE_STANDARD = "gnu++0x";
				CLANG_CXX_LIBRARY = "libc++";
				CLANG_ENABLE_MODULES = YES;
				CLANG_ENABLE_OBJC_ARC = YES;
				CLANG_WARN_BOOL_CONVERSION = YES;
				CLANG_WARN_CONSTANT_CONVERSION = YES;
				CLANG_WARN_DIRECT_OBJC_ISA_USAGE = YES_ERROR;
				CLANG_WARN_EMPTY_BODY = YES;
				CLANG_WARN_ENUM_CONVERSION = YES;
				CLANG_WARN_INT_CONVERSION = YES;
				CLANG_WARN_OBJC_ROOT_CLASS = YES_ERROR;
				CLANG_WARN_UNREACHABLE_CODE = YES;
				CLANG_WARN__DUPLICATE_METHOD_MATCH = YES;
				"CODE_SIGN_IDENTITY[sdk=iphoneos*]" = "iPhone Developer";
				COPY_PHASE_STRIP = NO;
				DEBUG_INFORMATION_FORMAT = dwarf;
				ENABLE_STRICT_OBJC_MSGSEND = YES;
				ENABLE_TESTABILITY = YES;
				GCC_C_LANGUAGE_STANDARD = gnu99;
				GCC_DYNAMIC_NO_PIC = NO;
				GCC_NO_COMMON_BLOCKS = YES;
				GCC_OPTIMIZATION_LEVEL = 0;
				GCC_PREPROCESSOR_DEFINITIONS = (
					"DEBUG=1",
					"$(inherited)",
				);
				GCC_WARN_64_TO_32_BIT_CONVERSION = YES;
				GCC_WARN_ABOUT_RETURN_TYPE = YES_ERROR;
				GCC_WARN_UNDECLARED_SELECTOR = YES;
				GCC_WARN_UNINITIALIZED_AUTOS = YES_AGGRESSIVE;
				GCC_WARN_UNUSED_FUNCTION = YES;
				GCC_WARN_UNUSED_VARIABLE = YES;
				IPHONEOS_DEPLOYMENT_TARGET = 9.3;
				MTL_ENABLE_DEBUG_INFO = YES;
				ONLY_ACTIVE_ARCH = YES;
				SDKROOT = iphoneos;
				SWIFT_OPTIMIZATION_LEVEL = "-Onone";
				TARGETED_DEVICE_FAMILY = "1,2";
			};
			name = Debug;
		};
		6514012F1DB9870300A2D2A3 /* Release */ = {
			isa = XCBuildConfiguration;
			buildSettings = {
				ALWAYS_SEARCH_USER_PATHS = NO;
				CLANG_ANALYZER_NONNULL = YES;
				CLANG_CXX_LANGUAGE_STANDARD = "gnu++0x";
				CLANG_CXX_LIBRARY = "libc++";
				CLANG_ENABLE_MODULES = YES;
				CLANG_ENABLE_OBJC_ARC = YES;
				CLANG_WARN_BOOL_CONVERSION = YES;
				CLANG_WARN_CONSTANT_CONVERSION = YES;
				CLANG_WARN_DIRECT_OBJC_ISA_USAGE = YES_ERROR;
				CLANG_WARN_EMPTY_BODY = YES;
				CLANG_WARN_ENUM_CONVERSION = YES;
				CLANG_WARN_INT_CONVERSION = YES;
				CLANG_WARN_OBJC_ROOT_CLASS = YES_ERROR;
				CLANG_WARN_UNREACHABLE_CODE = YES;
				CLANG_WARN__DUPLICATE_METHOD_MATCH = YES;
				"CODE_SIGN_IDENTITY[sdk=iphoneos*]" = "iPhone Developer";
				COPY_PHASE_STRIP = NO;
				DEBUG_INFORMATION_FORMAT = "dwarf-with-dsym";
				ENABLE_NS_ASSERTIONS = NO;
				ENABLE_STRICT_OBJC_MSGSEND = YES;
				GCC_C_LANGUAGE_STANDARD = gnu99;
				GCC_NO_COMMON_BLOCKS = YES;
				GCC_WARN_64_TO_32_BIT_CONVERSION = YES;
				GCC_WARN_ABOUT_RETURN_TYPE = YES_ERROR;
				GCC_WARN_UNDECLARED_SELECTOR = YES;
				GCC_WARN_UNINITIALIZED_AUTOS = YES_AGGRESSIVE;
				GCC_WARN_UNUSED_FUNCTION = YES;
				GCC_WARN_UNUSED_VARIABLE = YES;
				IPHONEOS_DEPLOYMENT_TARGET = 9.3;
				MTL_ENABLE_DEBUG_INFO = NO;
				SDKROOT = iphoneos;
				TARGETED_DEVICE_FAMILY = "1,2";
				VALIDATE_PRODUCT = YES;
			};
			name = Release;
		};
		651401311DB9870300A2D2A3 /* Debug */ = {
			isa = XCBuildConfiguration;
			buildSettings = {
				ASSETCATALOG_COMPILER_APPICON_NAME = AppIcon;
				INFOPLIST_FILE = SwiftInterview/Info.plist;
				LD_RUNPATH_SEARCH_PATHS = "$(inherited) @executable_path/Frameworks";
				PRODUCT_BUNDLE_IDENTIFIER = com.mobileforming.SwiftInterview;
				PRODUCT_NAME = "$(TARGET_NAME)";
				SWIFT_VERSION = 3.0;
			};
			name = Debug;
		};
		651401321DB9870300A2D2A3 /* Release */ = {
			isa = XCBuildConfiguration;
			buildSettings = {
				ASSETCATALOG_COMPILER_APPICON_NAME = AppIcon;
				INFOPLIST_FILE = SwiftInterview/Info.plist;
				LD_RUNPATH_SEARCH_PATHS = "$(inherited) @executable_path/Frameworks";
				PRODUCT_BUNDLE_IDENTIFIER = com.mobileforming.SwiftInterview;
				PRODUCT_NAME = "$(TARGET_NAME)";
				SWIFT_VERSION = 3.0;
			};
			name = Release;
		};
		651401341DB9870300A2D2A3 /* Debug */ = {
			isa = XCBuildConfiguration;
			buildSettings = {
				BUNDLE_LOADER = "$(TEST_HOST)";
				INFOPLIST_FILE = SwiftInterviewTests/Info.plist;
				LD_RUNPATH_SEARCH_PATHS = "$(inherited) @executable_path/Frameworks @loader_path/Frameworks";
				PRODUCT_BUNDLE_IDENTIFIER = com.mobileforming.SwiftInterviewTests;
				PRODUCT_NAME = "$(TARGET_NAME)";
				SWIFT_VERSION = 3.0;
				TEST_HOST = "$(BUILT_PRODUCTS_DIR)/SwiftInterview.app/SwiftInterview";
			};
			name = Debug;
		};
		651401351DB9870300A2D2A3 /* Release */ = {
			isa = XCBuildConfiguration;
			buildSettings = {
				BUNDLE_LOADER = "$(TEST_HOST)";
				INFOPLIST_FILE = SwiftInterviewTests/Info.plist;
				LD_RUNPATH_SEARCH_PATHS = "$(inherited) @executable_path/Frameworks @loader_path/Frameworks";
				PRODUCT_BUNDLE_IDENTIFIER = com.mobileforming.SwiftInterviewTests;
				PRODUCT_NAME = "$(TARGET_NAME)";
				SWIFT_VERSION = 3.0;
				TEST_HOST = "$(BUILT_PRODUCTS_DIR)/SwiftInterview.app/SwiftInterview";
			};
			name = Release;
		};
/* End XCBuildConfiguration section */

/* Begin XCConfigurationList section */
		6514010E1DB9870200A2D2A3 /* Build configuration list for PBXProject "SwiftInterview" */ = {
			isa = XCConfigurationList;
			buildConfigurations = (
				6514012E1DB9870300A2D2A3 /* Debug */,
				6514012F1DB9870300A2D2A3 /* Release */,
			);
			defaultConfigurationIsVisible = 0;
			defaultConfigurationName = Release;
		};
		651401301DB9870300A2D2A3 /* Build configuration list for PBXNativeTarget "SwiftInterview" */ = {
			isa = XCConfigurationList;
			buildConfigurations = (
				651401311DB9870300A2D2A3 /* Debug */,
				651401321DB9870300A2D2A3 /* Release */,
			);
			defaultConfigurationIsVisible = 0;
			defaultConfigurationName = Release;
		};
		651401331DB9870300A2D2A3 /* Build configuration list for PBXNativeTarget "SwiftInterviewTests" */ = {
			isa = XCConfigurationList;
			buildConfigurations = (
				651401341DB9870300A2D2A3 /* Debug */,
				651401351DB9870300A2D2A3 /* Release */,
			);
			defaultConfigurationIsVisible = 0;
			defaultConfigurationName = Release;
		};
/* End XCConfigurationList section */
	};
	rootObject = 6514010B1DB9870200A2D2A3 /* Project object */;
}
